// !$*UTF8*$!
{
	archiveVersion = 1;
	classes = {
	};
	objectVersion = 45;
	objects = {

/* Begin PBXBuildFile section */
		144AC06C1295BF33001F3FF1 /* MockUITableViewCell.m in Sources */ = {isa = PBXBuildFile; fileRef = 144AC0641295BF33001F3FF1 /* MockUITableViewCell.m */; };
		144AC06D1295BF33001F3FF1 /* MockUITableViewDataSource.m in Sources */ = {isa = PBXBuildFile; fileRef = 144AC0661295BF33001F3FF1 /* MockUITableViewDataSource.m */; };
		144AC06E1295BF33001F3FF1 /* MockUITableViewDelegate.m in Sources */ = {isa = PBXBuildFile; fileRef = 144AC0681295BF33001F3FF1 /* MockUITableViewDelegate.m */; };
		144AC06F1295BF33001F3FF1 /* UITableViewTest.m in Sources */ = {isa = PBXBuildFile; fileRef = 144AC06B1295BF33001F3FF1 /* UITableViewTest.m */; };
/* End PBXBuildFile section */

/* Begin PBXFileReference section */
		144AC05E1295BF24001F3FF1 /* AppleUIKitTests.octest */ = {isa = PBXFileReference; explicitFileType = wrapper.cfbundle; includeInIndex = 0; path = AppleUIKitTests.octest; sourceTree = BUILT_PRODUCTS_DIR; };
		144AC05F1295BF25001F3FF1 /* AppleUIKitTests-Info.plist */ = {isa = PBXFileReference; lastKnownFileType = text.plist.xml; path = "AppleUIKitTests-Info.plist"; sourceTree = "<group>"; };
		144AC0631295BF33001F3FF1 /* MockUITableViewCell.h */ = {isa = PBXFileReference; fileEncoding = 4; lastKnownFileType = sourcecode.c.h; path = MockUITableViewCell.h; sourceTree = "<group>"; };
		144AC0641295BF33001F3FF1 /* MockUITableViewCell.m */ = {isa = PBXFileReference; fileEncoding = 4; lastKnownFileType = sourcecode.c.objc; path = MockUITableViewCell.m; sourceTree = "<group>"; };
		144AC0651295BF33001F3FF1 /* MockUITableViewDataSource.h */ = {isa = PBXFileReference; fileEncoding = 4; lastKnownFileType = sourcecode.c.h; path = MockUITableViewDataSource.h; sourceTree = "<group>"; };
		144AC0661295BF33001F3FF1 /* MockUITableViewDataSource.m */ = {isa = PBXFileReference; fileEncoding = 4; lastKnownFileType = sourcecode.c.objc; path = MockUITableViewDataSource.m; sourceTree = "<group>"; };
		144AC0671295BF33001F3FF1 /* MockUITableViewDelegate.h */ = {isa = PBXFileReference; fileEncoding = 4; lastKnownFileType = sourcecode.c.h; path = MockUITableViewDelegate.h; sourceTree = "<group>"; };
		144AC0681295BF33001F3FF1 /* MockUITableViewDelegate.m */ = {isa = PBXFileReference; fileEncoding = 4; lastKnownFileType = sourcecode.c.objc; path = MockUITableViewDelegate.m; sourceTree = "<group>"; };
		144AC06A1295BF33001F3FF1 /* UITableViewTest.h */ = {isa = PBXFileReference; fileEncoding = 4; lastKnownFileType = sourcecode.c.h; path = UITableViewTest.h; sourceTree = "<group>"; };
		144AC06B1295BF33001F3FF1 /* UITableViewTest.m */ = {isa = PBXFileReference; fileEncoding = 4; lastKnownFileType = sourcecode.c.objc; path = UITableViewTest.m; sourceTree = "<group>"; };
		1D30AB110D05D00D00671497 /* Foundation.framework */ = {isa = PBXFileReference; lastKnownFileType = wrapper.framework; name = Foundation.framework; path = System/Library/Frameworks/Foundation.framework; sourceTree = SDKROOT; };
		1DF5F4DF0D08C38300B7A737 /* UIKit.framework */ = {isa = PBXFileReference; lastKnownFileType = wrapper.framework; name = UIKit.framework; path = System/Library/Frameworks/UIKit.framework; sourceTree = SDKROOT; };
		288765FC0DF74451002DB57D /* CoreGraphics.framework */ = {isa = PBXFileReference; lastKnownFileType = wrapper.framework; name = CoreGraphics.framework; path = System/Library/Frameworks/CoreGraphics.framework; sourceTree = SDKROOT; };
/* End PBXFileReference section */

/* Begin PBXFrameworksBuildPhase section */
		144AC05B1295BF24001F3FF1 /* Frameworks */ = {
			isa = PBXFrameworksBuildPhase;
			buildActionMask = 2147483647;
			files = (
			);
			runOnlyForDeploymentPostprocessing = 0;
		};
/* End PBXFrameworksBuildPhase section */

/* Begin PBXGroup section */
		142CA7211295BEEB00834E69 /* Tests */ = {
			isa = PBXGroup;
			children = (
				144AC0701295BF36001F3FF1 /* Mocks */,
				144AC06A1295BF33001F3FF1 /* UITableViewTest.h */,
				144AC06B1295BF33001F3FF1 /* UITableViewTest.m */,
			);
			path = Tests;
			sourceTree = "<group>";
		};
		144AC0701295BF36001F3FF1 /* Mocks */ = {
			isa = PBXGroup;
			children = (
				144AC0631295BF33001F3FF1 /* MockUITableViewCell.h */,
				144AC0641295BF33001F3FF1 /* MockUITableViewCell.m */,
				144AC0651295BF33001F3FF1 /* MockUITableViewDataSource.h */,
				144AC0661295BF33001F3FF1 /* MockUITableViewDataSource.m */,
				144AC0671295BF33001F3FF1 /* MockUITableViewDelegate.h */,
				144AC0681295BF33001F3FF1 /* MockUITableViewDelegate.m */,
			);
			name = Mocks;
			sourceTree = "<group>";
		};
		19C28FACFE9D520D11CA2CBB /* Products */ = {
			isa = PBXGroup;
			children = (
				144AC05E1295BF24001F3FF1 /* AppleUIKitTests.octest */,
			);
			name = Products;
			sourceTree = "<group>";
		};
		29B97314FDCFA39411CA2CEA /* CustomTemplate */ = {
			isa = PBXGroup;
			children = (
				142CA7211295BEEB00834E69 /* Tests */,
				29B97323FDCFA39411CA2CEA /* Frameworks */,
				19C28FACFE9D520D11CA2CBB /* Products */,
				144AC05F1295BF25001F3FF1 /* AppleUIKitTests-Info.plist */,
			);
			name = CustomTemplate;
			sourceTree = "<group>";
		};
		29B97323FDCFA39411CA2CEA /* Frameworks */ = {
			isa = PBXGroup;
			children = (
				1DF5F4DF0D08C38300B7A737 /* UIKit.framework */,
				1D30AB110D05D00D00671497 /* Foundation.framework */,
				288765FC0DF74451002DB57D /* CoreGraphics.framework */,
			);
			name = Frameworks;
			sourceTree = "<group>";
		};
/* End PBXGroup section */

/* Begin PBXNativeTarget section */
		144AC05D1295BF24001F3FF1 /* AppleUIKitTests */ = {
			isa = PBXNativeTarget;
			buildConfigurationList = 144AC0621295BF25001F3FF1 /* Build configuration list for PBXNativeTarget "AppleUIKitTests" */;
			buildPhases = (
				144AC0591295BF24001F3FF1 /* Resources */,
				144AC05A1295BF24001F3FF1 /* Sources */,
				144AC05B1295BF24001F3FF1 /* Frameworks */,
				144AC05C1295BF24001F3FF1 /* ShellScript */,
			);
			buildRules = (
			);
			dependencies = (
			);
			name = AppleUIKitTests;
			productName = AppleUIKitTests;
			productReference = 144AC05E1295BF24001F3FF1 /* AppleUIKitTests.octest */;
			productType = "com.apple.product-type.bundle";
		};
/* End PBXNativeTarget section */

/* Begin PBXProject section */
		29B97313FDCFA39411CA2CEA /* Project object */ = {
			isa = PBXProject;
			buildConfigurationList = C01FCF4E08A954540054247B /* Build configuration list for PBXProject "AppleUIKitTests" */;
			compatibilityVersion = "Xcode 3.1";
			developmentRegion = English;
			hasScannedForEncodings = 1;
			knownRegions = (
				English,
				Japanese,
				French,
				German,
			);
			mainGroup = 29B97314FDCFA39411CA2CEA /* CustomTemplate */;
			projectDirPath = "";
			projectRoot = "";
			targets = (
				144AC05D1295BF24001F3FF1 /* AppleUIKitTests */,
			);
		};
/* End PBXProject section */

/* Begin PBXResourcesBuildPhase section */
		144AC0591295BF24001F3FF1 /* Resources */ = {
			isa = PBXResourcesBuildPhase;
			buildActionMask = 2147483647;
			files = (
			);
			runOnlyForDeploymentPostprocessing = 0;
		};
/* End PBXResourcesBuildPhase section */

/* Begin PBXShellScriptBuildPhase section */
		144AC05C1295BF24001F3FF1 /* ShellScript */ = {
			isa = PBXShellScriptBuildPhase;
			buildActionMask = 2147483647;
			files = (
			);
			inputPaths = (
			);
			outputPaths = (
			);
			runOnlyForDeploymentPostprocessing = 0;
			shellPath = /bin/sh;
			shellScript = "# Run the unit tests in this test bundle.\n\"${SYSTEM_DEVELOPER_DIR}/Tools/RunUnitTests\"\n";
		};
/* End PBXShellScriptBuildPhase section */

/* Begin PBXSourcesBuildPhase section */
		144AC05A1295BF24001F3FF1 /* Sources */ = {
			isa = PBXSourcesBuildPhase;
			buildActionMask = 2147483647;
			files = (
				144AC06C1295BF33001F3FF1 /* MockUITableViewCell.m in Sources */,
				144AC06D1295BF33001F3FF1 /* MockUITableViewDataSource.m in Sources */,
				144AC06E1295BF33001F3FF1 /* MockUITableViewDelegate.m in Sources */,
				144AC06F1295BF33001F3FF1 /* UITableViewTest.m in Sources */,
			);
			runOnlyForDeploymentPostprocessing = 0;
		};
/* End PBXSourcesBuildPhase section */

/* Begin XCBuildConfiguration section */
		144AC0601295BF25001F3FF1 /* Debug */ = {
			isa = XCBuildConfiguration;
			buildSettings = {
				ALWAYS_SEARCH_USER_PATHS = NO;
				"CODE_SIGN_IDENTITY[sdk=iphoneos*]" = "";
				COPY_PHASE_STRIP = NO;
				FRAMEWORK_SEARCH_PATHS = (
					"\"$(SDKROOT)/Developer/Library/Frameworks\"",
					"\"$(DEVELOPER_LIBRARY_DIR)/Frameworks\"",
				);
				GCC_DYNAMIC_NO_PIC = NO;
				GCC_ENABLE_FIX_AND_CONTINUE = NO;
				GCC_ENABLE_OBJC_EXCEPTIONS = YES;
				GCC_OPTIMIZATION_LEVEL = 0;
				INFOPLIST_FILE = "AppleUIKitTests-Info.plist";
				OTHER_LDFLAGS = (
					"-framework",
					Foundation,
					"-framework",
					SenTestingKit,
					"-framework",
					UIKit,
					"-framework",
					QuartzCore,
					"-framework",
					CoreGraphics,
				);
				PREBINDING = NO;
				PRODUCT_NAME = AppleUIKitTests;
				SDKROOT = iphoneos;
				WRAPPER_EXTENSION = octest;
			};
			name = Debug;
		};
		144AC0611295BF25001F3FF1 /* Release */ = {
			isa = XCBuildConfiguration;
			buildSettings = {
				ALWAYS_SEARCH_USER_PATHS = NO;
				"CODE_SIGN_IDENTITY[sdk=iphoneos*]" = "";
				COPY_PHASE_STRIP = YES;
				DEBUG_INFORMATION_FORMAT = "dwarf-with-dsym";
				FRAMEWORK_SEARCH_PATHS = (
					"\"$(SDKROOT)/Developer/Library/Frameworks\"",
					"\"$(DEVELOPER_LIBRARY_DIR)/Frameworks\"",
				);
				GCC_ENABLE_FIX_AND_CONTINUE = NO;
				GCC_ENABLE_OBJC_EXCEPTIONS = YES;
				INFOPLIST_FILE = "AppleUIKitTests-Info.plist";
				OTHER_LDFLAGS = (
					"-framework",
					Foundation,
					"-framework",
					SenTestingKit,
					"-framework",
					UIKit,
					"-framework",
					QuartzCore,
					"-framework",
					CoreGraphics,
				);
				PREBINDING = NO;
				PRODUCT_NAME = AppleUIKitTests;
				SDKROOT = iphoneos;
				WRAPPER_EXTENSION = octest;
				ZERO_LINK = NO;
			};
			name = Release;
		};
		C01FCF4F08A954540054247B /* Debug */ = {
			isa = XCBuildConfiguration;
			buildSettings = {
				ARCHS = "$(ARCHS_STANDARD_32_BIT)";
				"CODE_SIGN_IDENTITY[sdk=iphoneos*]" = "iPhone Developer";
				GCC_C_LANGUAGE_STANDARD = c99;
				GCC_WARN_ABOUT_RETURN_TYPE = YES;
				GCC_WARN_UNUSED_VARIABLE = YES;
				IPHONEOS_DEPLOYMENT_TARGET = 3.2;
				PREBINDING = NO;
				SDKROOT = iphoneos4.1;
				TARGETED_DEVICE_FAMILY = "1,2";
			};
			name = Debug;
		};
		C01FCF5008A954540054247B /* Release */ = {
			isa = XCBuildConfiguration;
			buildSettings = {
				ARCHS = "$(ARCHS_STANDARD_32_BIT)";
				"CODE_SIGN_IDENTITY[sdk=iphoneos*]" = "iPhone Developer";
				GCC_C_LANGUAGE_STANDARD = c99;
				GCC_WARN_ABOUT_RETURN_TYPE = YES;
				GCC_WARN_UNUSED_VARIABLE = YES;
				IPHONEOS_DEPLOYMENT_TARGET = 3.2;
				OTHER_CFLAGS = "-DNS_BLOCK_ASSERTIONS=1";
				PREBINDING = NO;
				SDKROOT = iphoneos4.1;
				TARGETED_DEVICE_FAMILY = "1,2";
			};
			name = Release;
		};
/* End XCBuildConfiguration section */

/* Begin XCConfigurationList section */
		144AC0621295BF25001F3FF1 /* Build configuration list for PBXNativeTarget "AppleUIKitTests" */ = {
			isa = XCConfigurationList;
			buildConfigurations = (
				144AC0601295BF25001F3FF1 /* Debug */,
				144AC0611295BF25001F3FF1 /* Release */,
			);
			defaultConfigurationIsVisible = 0;
			defaultConfigurationName = Release;
		};
		C01FCF4E08A954540054247B /* Build configuration list for PBXProject "AppleUIKitTests" */ = {
			isa = XCConfigurationList;
			buildConfigurations = (
				C01FCF4F08A954540054247B /* Debug */,
				C01FCF5008A954540054247B /* Release */,
			);
			defaultConfigurationIsVisible = 0;
			defaultConfigurationName = Release;
		};
/* End XCConfigurationList section */
	};
	rootObject = 29B97313FDCFA39411CA2CEA /* Project object */;
}
