// !$*UTF8*$!
{
	archiveVersion = 1;
	classes = {
	};
	objectVersion = 46;
	objects = {

/* Begin PBXBuildFile section */
		388BF77F13397877006EC779 /* ChameleonAppDelegate.m in Sources */ = {isa = PBXBuildFile; fileRef = 388BF77E13397877006EC779 /* ChameleonAppDelegate.m */; };
		388BF782133978CB006EC779 /* TestViewController.m in Sources */ = {isa = PBXBuildFile; fileRef = 388BF781133978CB006EC779 /* TestViewController.m */; };
		38E523C61339731100E041B3 /* Cocoa.framework in Frameworks */ = {isa = PBXBuildFile; fileRef = 38E523C51339731100E041B3 /* Cocoa.framework */; };
		38E523D01339731100E041B3 /* InfoPlist.strings in Resources */ = {isa = PBXBuildFile; fileRef = 38E523CE1339731100E041B3 /* InfoPlist.strings */; };
		38E523D31339731100E041B3 /* main.m in Sources */ = {isa = PBXBuildFile; fileRef = 38E523D21339731100E041B3 /* main.m */; };
		38E523D61339731100E041B3 /* Credits.rtf in Resources */ = {isa = PBXBuildFile; fileRef = 38E523D41339731100E041B3 /* Credits.rtf */; };
		38E523D91339731100E041B3 /* NavBarUpdatesAppDelegate.m in Sources */ = {isa = PBXBuildFile; fileRef = 38E523D81339731100E041B3 /* NavBarUpdatesAppDelegate.m */; };
		38E523DC1339731100E041B3 /* MainMenu.xib in Resources */ = {isa = PBXBuildFile; fileRef = 38E523DA1339731100E041B3 /* MainMenu.xib */; };
		7884CAA8133AC90400D050CF /* Quartz.framework in Frameworks */ = {isa = PBXBuildFile; fileRef = 7884CAA7133AC90400D050CF /* Quartz.framework */; };
		83DB3E0B1A674D83006711B5 /* AbstractCustomCell.m in Sources */ = {isa = PBXBuildFile; fileRef = 83DB3E081A674D83006711B5 /* AbstractCustomCell.m */; };
		83DB3E0C1A674D83006711B5 /* CustomCellBackgroundView.m in Sources */ = {isa = PBXBuildFile; fileRef = 83DB3E0A1A674D83006711B5 /* CustomCellBackgroundView.m */; };
		83DB3E101A6751C1006711B5 /* HMSegmentedControl.m in Sources */ = {isa = PBXBuildFile; fileRef = 83DB3E0F1A6751C1006711B5 /* HMSegmentedControl.m */; };
		83DB3E151A6752CD006711B5 /* UIColor+Extension.m in Sources */ = {isa = PBXBuildFile; fileRef = 83DB3E141A6752CD006711B5 /* UIColor+Extension.m */; };
		83DB3E251A675FE6006711B5 /* MyTitleBarViewController.m in Sources */ = {isa = PBXBuildFile; fileRef = 83DB3E231A675FE6006711B5 /* MyTitleBarViewController.m */; };
		83DB3E261A675FE6006711B5 /* MyTitleBarViewController.xib in Resources */ = {isa = PBXBuildFile; fileRef = 83DB3E241A675FE6006711B5 /* MyTitleBarViewController.xib */; };
		83DB3E291A67644A006711B5 /* MyWindow.m in Sources */ = {isa = PBXBuildFile; fileRef = 83DB3E281A67644A006711B5 /* MyWindow.m */; };
		83DB3E2C1A676578006711B5 /* TitleBarView.m in Sources */ = {isa = PBXBuildFile; fileRef = 83DB3E2B1A676578006711B5 /* TitleBarView.m */; };
		83DB3E301A676765006711B5 /* KACircleProgressView.m in Sources */ = {isa = PBXBuildFile; fileRef = 83DB3E2F1A676765006711B5 /* KACircleProgressView.m */; };
		83DB3E331A6767B4006711B5 /* Player.m in Sources */ = {isa = PBXBuildFile; fileRef = 83DB3E321A6767B4006711B5 /* Player.m */; };
		83DB3E391A676819006711B5 /* PRTween.m in Sources */ = {isa = PBXBuildFile; fileRef = 83DB3E361A676819006711B5 /* PRTween.m */; };
		83DB3E3A1A676819006711B5 /* PRTweenTimingFunctions.m in Sources */ = {isa = PBXBuildFile; fileRef = 83DB3E381A676819006711B5 /* PRTweenTimingFunctions.m */; };
		F4556120133A5D3B0021B1A6 /* UIKit.framework in Frameworks */ = {isa = PBXBuildFile; fileRef = 3825F4661339775C005A267D /* UIKit.framework */; };
		F455612E133A5D830021B1A6 /* UIKit.framework in Copy Frameworks */ = {isa = PBXBuildFile; fileRef = 3825F4661339775C005A267D /* UIKit.framework */; };
/* End PBXBuildFile section */

/* Begin PBXContainerItemProxy section */
		3825F4651339775C005A267D /* PBXContainerItemProxy */ = {
			isa = PBXContainerItemProxy;
			containerPortal = 3825F4611339775C005A267D /* UIKit.xcodeproj */;
			proxyType = 2;
			remoteGlobalIDString = 8DC2EF5B0486A6940098B216;
			remoteInfo = UIKit;
		};
		F455611A133A5CE00021B1A6 /* PBXContainerItemProxy */ = {
			isa = PBXContainerItemProxy;
			containerPortal = 3825F4611339775C005A267D /* UIKit.xcodeproj */;
			proxyType = 1;
			remoteGlobalIDString = 8DC2EF4F0486A6940098B216;
			remoteInfo = UIKit;
		};
/* End PBXContainerItemProxy section */

/* Begin PBXCopyFilesBuildPhase section */
		F4556131133A5DA10021B1A6 /* Copy Frameworks */ = {
			isa = PBXCopyFilesBuildPhase;
			buildActionMask = 2147483647;
			dstPath = "";
			dstSubfolderSpec = 10;
			files = (
				F455612E133A5D830021B1A6 /* UIKit.framework in Copy Frameworks */,
			);
			name = "Copy Frameworks";
			runOnlyForDeploymentPostprocessing = 0;
		};
/* End PBXCopyFilesBuildPhase section */

/* Begin PBXFileReference section */
		3825F4611339775C005A267D /* UIKit.xcodeproj */ = {isa = PBXFileReference; lastKnownFileType = "wrapper.pb-project"; name = UIKit.xcodeproj; path = ../../UIKit/UIKit.xcodeproj; sourceTree = "<group>"; };
		388BF77D13397877006EC779 /* ChameleonAppDelegate.h */ = {isa = PBXFileReference; fileEncoding = 4; lastKnownFileType = sourcecode.c.h; path = ChameleonAppDelegate.h; sourceTree = "<group>"; };
		388BF77E13397877006EC779 /* ChameleonAppDelegate.m */ = {isa = PBXFileReference; fileEncoding = 4; lastKnownFileType = sourcecode.c.objc; path = ChameleonAppDelegate.m; sourceTree = "<group>"; };
		388BF780133978CB006EC779 /* TestViewController.h */ = {isa = PBXFileReference; fileEncoding = 4; lastKnownFileType = sourcecode.c.h; path = TestViewController.h; sourceTree = "<group>"; };
		388BF781133978CB006EC779 /* TestViewController.m */ = {isa = PBXFileReference; fileEncoding = 4; lastKnownFileType = sourcecode.c.objc; path = TestViewController.m; sourceTree = "<group>"; };
		38E523C11339731100E041B3 /* NavBarUpdates.app */ = {isa = PBXFileReference; explicitFileType = wrapper.application; includeInIndex = 0; path = NavBarUpdates.app; sourceTree = BUILT_PRODUCTS_DIR; };
		38E523C51339731100E041B3 /* Cocoa.framework */ = {isa = PBXFileReference; lastKnownFileType = wrapper.framework; name = Cocoa.framework; path = System/Library/Frameworks/Cocoa.framework; sourceTree = SDKROOT; };
		38E523C81339731100E041B3 /* AppKit.framework */ = {isa = PBXFileReference; lastKnownFileType = wrapper.framework; name = AppKit.framework; path = System/Library/Frameworks/AppKit.framework; sourceTree = SDKROOT; };
		38E523C91339731100E041B3 /* CoreData.framework */ = {isa = PBXFileReference; lastKnownFileType = wrapper.framework; name = CoreData.framework; path = System/Library/Frameworks/CoreData.framework; sourceTree = SDKROOT; };
		38E523CA1339731100E041B3 /* Foundation.framework */ = {isa = PBXFileReference; lastKnownFileType = wrapper.framework; name = Foundation.framework; path = System/Library/Frameworks/Foundation.framework; sourceTree = SDKROOT; };
		38E523CD1339731100E041B3 /* NavBarUpdates-Info.plist */ = {isa = PBXFileReference; lastKnownFileType = text.plist.xml; path = "NavBarUpdates-Info.plist"; sourceTree = "<group>"; };
		38E523CF1339731100E041B3 /* en */ = {isa = PBXFileReference; lastKnownFileType = text.plist.strings; name = en; path = en.lproj/InfoPlist.strings; sourceTree = "<group>"; };
		38E523D11339731100E041B3 /* NavBarUpdates-Prefix.pch */ = {isa = PBXFileReference; lastKnownFileType = sourcecode.c.h; path = "NavBarUpdates-Prefix.pch"; sourceTree = "<group>"; };
		38E523D21339731100E041B3 /* main.m */ = {isa = PBXFileReference; lastKnownFileType = sourcecode.c.objc; path = main.m; sourceTree = "<group>"; };
		38E523D51339731100E041B3 /* en */ = {isa = PBXFileReference; lastKnownFileType = text.rtf; name = en; path = en.lproj/Credits.rtf; sourceTree = "<group>"; };
		38E523D71339731100E041B3 /* NavBarUpdatesAppDelegate.h */ = {isa = PBXFileReference; lastKnownFileType = sourcecode.c.h; path = NavBarUpdatesAppDelegate.h; sourceTree = "<group>"; };
		38E523D81339731100E041B3 /* NavBarUpdatesAppDelegate.m */ = {isa = PBXFileReference; lastKnownFileType = sourcecode.c.objc; path = NavBarUpdatesAppDelegate.m; sourceTree = "<group>"; };
		38E523DB1339731100E041B3 /* en */ = {isa = PBXFileReference; lastKnownFileType = file.xib; name = en; path = en.lproj/MainMenu.xib; sourceTree = "<group>"; };
		7884CAA7133AC90400D050CF /* Quartz.framework */ = {isa = PBXFileReference; lastKnownFileType = wrapper.framework; name = Quartz.framework; path = System/Library/Frameworks/Quartz.framework; sourceTree = SDKROOT; };
		83DB3E071A674D83006711B5 /* AbstractCustomCell.h */ = {isa = PBXFileReference; fileEncoding = 4; lastKnownFileType = sourcecode.c.h; path = AbstractCustomCell.h; sourceTree = "<group>"; };
		83DB3E081A674D83006711B5 /* AbstractCustomCell.m */ = {isa = PBXFileReference; fileEncoding = 4; lastKnownFileType = sourcecode.c.objc; path = AbstractCustomCell.m; sourceTree = "<group>"; };
		83DB3E091A674D83006711B5 /* CustomCellBackgroundView.h */ = {isa = PBXFileReference; fileEncoding = 4; lastKnownFileType = sourcecode.c.h; path = CustomCellBackgroundView.h; sourceTree = "<group>"; };
		83DB3E0A1A674D83006711B5 /* CustomCellBackgroundView.m */ = {isa = PBXFileReference; fileEncoding = 4; lastKnownFileType = sourcecode.c.objc; path = CustomCellBackgroundView.m; sourceTree = "<group>"; };
		83DB3E0E1A6751C1006711B5 /* HMSegmentedControl.h */ = {isa = PBXFileReference; fileEncoding = 4; lastKnownFileType = sourcecode.c.h; path = HMSegmentedControl.h; sourceTree = "<group>"; };
		83DB3E0F1A6751C1006711B5 /* HMSegmentedControl.m */ = {isa = PBXFileReference; fileEncoding = 4; lastKnownFileType = sourcecode.c.objc; path = HMSegmentedControl.m; sourceTree = "<group>"; };
		83DB3E111A675288006711B5 /* BGCONST.h */ = {isa = PBXFileReference; lastKnownFileType = sourcecode.c.h; path = BGCONST.h; sourceTree = "<group>"; };
		83DB3E131A6752CD006711B5 /* UIColor+Extension.h */ = {isa = PBXFileReference; fileEncoding = 4; lastKnownFileType = sourcecode.c.h; path = "UIColor+Extension.h"; sourceTree = "<group>"; };
		83DB3E141A6752CD006711B5 /* UIColor+Extension.m */ = {isa = PBXFileReference; fileEncoding = 4; lastKnownFileType = sourcecode.c.objc; path = "UIColor+Extension.m"; sourceTree = "<group>"; };
		83DB3E221A675FE6006711B5 /* MyTitleBarViewController.h */ = {isa = PBXFileReference; fileEncoding = 4; lastKnownFileType = sourcecode.c.h; path = MyTitleBarViewController.h; sourceTree = "<group>"; };
		83DB3E231A675FE6006711B5 /* MyTitleBarViewController.m */ = {isa = PBXFileReference; fileEncoding = 4; lastKnownFileType = sourcecode.c.objc; path = MyTitleBarViewController.m; sourceTree = "<group>"; };
		83DB3E241A675FE6006711B5 /* MyTitleBarViewController.xib */ = {isa = PBXFileReference; fileEncoding = 4; lastKnownFileType = file.xib; path = MyTitleBarViewController.xib; sourceTree = "<group>"; };
		83DB3E271A67644A006711B5 /* MyWindow.h */ = {isa = PBXFileReference; fileEncoding = 4; lastKnownFileType = sourcecode.c.h; path = MyWindow.h; sourceTree = "<group>"; };
		83DB3E281A67644A006711B5 /* MyWindow.m */ = {isa = PBXFileReference; fileEncoding = 4; lastKnownFileType = sourcecode.c.objc; path = MyWindow.m; sourceTree = "<group>"; };
		83DB3E2A1A676578006711B5 /* TitleBarView.h */ = {isa = PBXFileReference; fileEncoding = 4; lastKnownFileType = sourcecode.c.h; path = TitleBarView.h; sourceTree = "<group>"; };
		83DB3E2B1A676578006711B5 /* TitleBarView.m */ = {isa = PBXFileReference; fileEncoding = 4; lastKnownFileType = sourcecode.c.objc; path = TitleBarView.m; sourceTree = "<group>"; };
		83DB3E2E1A676765006711B5 /* KACircleProgressView.h */ = {isa = PBXFileReference; fileEncoding = 4; lastKnownFileType = sourcecode.c.h; path = KACircleProgressView.h; sourceTree = "<group>"; };
		83DB3E2F1A676765006711B5 /* KACircleProgressView.m */ = {isa = PBXFileReference; fileEncoding = 4; lastKnownFileType = sourcecode.c.objc; path = KACircleProgressView.m; sourceTree = "<group>"; };
		83DB3E311A6767B4006711B5 /* Player.h */ = {isa = PBXFileReference; fileEncoding = 4; lastKnownFileType = sourcecode.c.h; path = Player.h; sourceTree = "<group>"; };
		83DB3E321A6767B4006711B5 /* Player.m */ = {isa = PBXFileReference; fileEncoding = 4; lastKnownFileType = sourcecode.c.objc; path = Player.m; sourceTree = "<group>"; };
		83DB3E351A676819006711B5 /* PRTween.h */ = {isa = PBXFileReference; fileEncoding = 4; lastKnownFileType = sourcecode.c.h; path = PRTween.h; sourceTree = "<group>"; };
		83DB3E361A676819006711B5 /* PRTween.m */ = {isa = PBXFileReference; fileEncoding = 4; lastKnownFileType = sourcecode.c.objc; path = PRTween.m; sourceTree = "<group>"; };
		83DB3E371A676819006711B5 /* PRTweenTimingFunctions.h */ = {isa = PBXFileReference; fileEncoding = 4; lastKnownFileType = sourcecode.c.h; path = PRTweenTimingFunctions.h; sourceTree = "<group>"; };
		83DB3E381A676819006711B5 /* PRTweenTimingFunctions.m */ = {isa = PBXFileReference; fileEncoding = 4; lastKnownFileType = sourcecode.c.objc; path = PRTweenTimingFunctions.m; sourceTree = "<group>"; };
/* End PBXFileReference section */

/* Begin PBXFrameworksBuildPhase section */
		38E523BE1339731100E041B3 /* Frameworks */ = {
			isa = PBXFrameworksBuildPhase;
			buildActionMask = 2147483647;
			files = (
				7884CAA8133AC90400D050CF /* Quartz.framework in Frameworks */,
				F4556120133A5D3B0021B1A6 /* UIKit.framework in Frameworks */,
				38E523C61339731100E041B3 /* Cocoa.framework in Frameworks */,
			);
			runOnlyForDeploymentPostprocessing = 0;
		};
/* End PBXFrameworksBuildPhase section */

/* Begin PBXGroup section */
		3825F4621339775C005A267D /* Products */ = {
			isa = PBXGroup;
			children = (
				3825F4661339775C005A267D /* UIKit.framework */,
			);
			name = Products;
			sourceTree = "<group>";
		};
		38E523B61339731100E041B3 = {
			isa = PBXGroup;
			children = (
				7884CAA7133AC90400D050CF /* Quartz.framework */,
				3825F4611339775C005A267D /* UIKit.xcodeproj */,
				38E523CB1339731100E041B3 /* NavBarUpdates */,
				38E523C41339731100E041B3 /* Frameworks */,
				38E523C21339731100E041B3 /* Products */,
			);
			sourceTree = "<group>";
		};
		38E523C21339731100E041B3 /* Products */ = {
			isa = PBXGroup;
			children = (
				38E523C11339731100E041B3 /* NavBarUpdates.app */,
			);
			name = Products;
			sourceTree = "<group>";
		};
		38E523C41339731100E041B3 /* Frameworks */ = {
			isa = PBXGroup;
			children = (
				38E523C51339731100E041B3 /* Cocoa.framework */,
				38E523C71339731100E041B3 /* Other Frameworks */,
			);
			name = Frameworks;
			sourceTree = "<group>";
		};
		38E523C71339731100E041B3 /* Other Frameworks */ = {
			isa = PBXGroup;
			children = (
				38E523C81339731100E041B3 /* AppKit.framework */,
				38E523C91339731100E041B3 /* CoreData.framework */,
				38E523CA1339731100E041B3 /* Foundation.framework */,
			);
			name = "Other Frameworks";
			sourceTree = "<group>";
		};
		38E523CB1339731100E041B3 /* NavBarUpdates */ = {
			isa = PBXGroup;
			children = (
				83DB3E341A676819006711B5 /* PRTween */,
				83DB3E311A6767B4006711B5 /* Player.h */,
				83DB3E321A6767B4006711B5 /* Player.m */,
				83DB3E2D1A676765006711B5 /* KACircleProgressView */,
				83DB3E2A1A676578006711B5 /* TitleBarView.h */,
				83DB3E2B1A676578006711B5 /* TitleBarView.m */,
				83DB3E271A67644A006711B5 /* MyWindow.h */,
				83DB3E281A67644A006711B5 /* MyWindow.m */,
				83DB3E221A675FE6006711B5 /* MyTitleBarViewController.h */,
				83DB3E231A675FE6006711B5 /* MyTitleBarViewController.m */,
				83DB3E241A675FE6006711B5 /* MyTitleBarViewController.xib */,
				83DB3E211A675DB0006711B5 /* AppDelegate */,
				83DB3E121A6752CD006711B5 /* Categories */,
				83DB3E111A675288006711B5 /* BGCONST.h */,
				83DB3E0D1A6751C1006711B5 /* HMSegmentedControl */,
				83DB3E071A674D83006711B5 /* AbstractCustomCell.h */,
				83DB3E081A674D83006711B5 /* AbstractCustomCell.m */,
				83DB3E091A674D83006711B5 /* CustomCellBackgroundView.h */,
				83DB3E0A1A674D83006711B5 /* CustomCellBackgroundView.m */,
				388BF780133978CB006EC779 /* TestViewController.h */,
				388BF781133978CB006EC779 /* TestViewController.m */,
				38E523DA1339731100E041B3 /* MainMenu.xib */,
				38E523CC1339731100E041B3 /* Supporting Files */,
			);
			path = NavBarUpdates;
			sourceTree = "<group>";
		};
		38E523CC1339731100E041B3 /* Supporting Files */ = {
			isa = PBXGroup;
			children = (
				38E523CD1339731100E041B3 /* NavBarUpdates-Info.plist */,
				38E523CE1339731100E041B3 /* InfoPlist.strings */,
				38E523D11339731100E041B3 /* NavBarUpdates-Prefix.pch */,
				38E523D21339731100E041B3 /* main.m */,
				38E523D41339731100E041B3 /* Credits.rtf */,
			);
			name = "Supporting Files";
			sourceTree = "<group>";
		};
		83DB3E0D1A6751C1006711B5 /* HMSegmentedControl */ = {
			isa = PBXGroup;
			children = (
				83DB3E0E1A6751C1006711B5 /* HMSegmentedControl.h */,
				83DB3E0F1A6751C1006711B5 /* HMSegmentedControl.m */,
			);
			path = HMSegmentedControl;
			sourceTree = "<group>";
		};
		83DB3E121A6752CD006711B5 /* Categories */ = {
			isa = PBXGroup;
			children = (
				83DB3E131A6752CD006711B5 /* UIColor+Extension.h */,
				83DB3E141A6752CD006711B5 /* UIColor+Extension.m */,
			);
			path = Categories;
			sourceTree = "<group>";
		};
		83DB3E211A675DB0006711B5 /* AppDelegate */ = {
			isa = PBXGroup;
			children = (
				388BF77D13397877006EC779 /* ChameleonAppDelegate.h */,
				388BF77E13397877006EC779 /* ChameleonAppDelegate.m */,
				38E523D71339731100E041B3 /* NavBarUpdatesAppDelegate.h */,
				38E523D81339731100E041B3 /* NavBarUpdatesAppDelegate.m */,
			);
			name = AppDelegate;
			sourceTree = "<group>";
		};
		83DB3E2D1A676765006711B5 /* KACircleProgressView */ = {
			isa = PBXGroup;
			children = (
				83DB3E2E1A676765006711B5 /* KACircleProgressView.h */,
				83DB3E2F1A676765006711B5 /* KACircleProgressView.m */,
			);
			path = KACircleProgressView;
			sourceTree = "<group>";
		};
		83DB3E341A676819006711B5 /* PRTween */ = {
			isa = PBXGroup;
			children = (
				83DB3E351A676819006711B5 /* PRTween.h */,
				83DB3E361A676819006711B5 /* PRTween.m */,
				83DB3E371A676819006711B5 /* PRTweenTimingFunctions.h */,
				83DB3E381A676819006711B5 /* PRTweenTimingFunctions.m */,
			);
			path = PRTween;
			sourceTree = "<group>";
		};
/* End PBXGroup section */

/* Begin PBXNativeTarget section */
		38E523C01339731100E041B3 /* NavBarUpdates */ = {
			isa = PBXNativeTarget;
			buildConfigurationList = 38E523DF1339731100E041B3 /* Build configuration list for PBXNativeTarget "NavBarUpdates" */;
			buildPhases = (
				38E523BD1339731100E041B3 /* Sources */,
				38E523BE1339731100E041B3 /* Frameworks */,
				38E523BF1339731100E041B3 /* Resources */,
				F4556131133A5DA10021B1A6 /* Copy Frameworks */,
			);
			buildRules = (
			);
			dependencies = (
				F455611B133A5CE00021B1A6 /* PBXTargetDependency */,
			);
			name = NavBarUpdates;
			productName = NavBarUpdates;
			productReference = 38E523C11339731100E041B3 /* NavBarUpdates.app */;
			productType = "com.apple.product-type.application";
		};
/* End PBXNativeTarget section */

/* Begin PBXProject section */
		38E523B81339731100E041B3 /* Project object */ = {
			isa = PBXProject;
			attributes = {
				LastUpgradeCheck = 0510;
				ORGANIZATIONNAME = "XPlatform Inc";
			};
			buildConfigurationList = 38E523BB1339731100E041B3 /* Build configuration list for PBXProject "NavBarUpdates" */;
			compatibilityVersion = "Xcode 3.2";
			developmentRegion = English;
			hasScannedForEncodings = 0;
			knownRegions = (
				en,
			);
			mainGroup = 38E523B61339731100E041B3;
			productRefGroup = 38E523C21339731100E041B3 /* Products */;
			projectDirPath = "";
			projectReferences = (
				{
					ProductGroup = 3825F4621339775C005A267D /* Products */;
					ProjectRef = 3825F4611339775C005A267D /* UIKit.xcodeproj */;
				},
			);
			projectRoot = "";
			targets = (
				38E523C01339731100E041B3 /* NavBarUpdates */,
			);
		};
/* End PBXProject section */

/* Begin PBXReferenceProxy section */
		3825F4661339775C005A267D /* UIKit.framework */ = {
			isa = PBXReferenceProxy;
			fileType = wrapper.framework;
			path = UIKit.framework;
			remoteRef = 3825F4651339775C005A267D /* PBXContainerItemProxy */;
			sourceTree = BUILT_PRODUCTS_DIR;
		};
/* End PBXReferenceProxy section */

/* Begin PBXResourcesBuildPhase section */
		38E523BF1339731100E041B3 /* Resources */ = {
			isa = PBXResourcesBuildPhase;
			buildActionMask = 2147483647;
			files = (
				38E523D01339731100E041B3 /* InfoPlist.strings in Resources */,
				83DB3E261A675FE6006711B5 /* MyTitleBarViewController.xib in Resources */,
				38E523D61339731100E041B3 /* Credits.rtf in Resources */,
				38E523DC1339731100E041B3 /* MainMenu.xib in Resources */,
			);
			runOnlyForDeploymentPostprocessing = 0;
		};
/* End PBXResourcesBuildPhase section */

/* Begin PBXSourcesBuildPhase section */
		38E523BD1339731100E041B3 /* Sources */ = {
			isa = PBXSourcesBuildPhase;
			buildActionMask = 2147483647;
			files = (
				83DB3E0B1A674D83006711B5 /* AbstractCustomCell.m in Sources */,
				38E523D31339731100E041B3 /* main.m in Sources */,
				38E523D91339731100E041B3 /* NavBarUpdatesAppDelegate.m in Sources */,
				83DB3E331A6767B4006711B5 /* Player.m in Sources */,
				83DB3E2C1A676578006711B5 /* TitleBarView.m in Sources */,
				83DB3E291A67644A006711B5 /* MyWindow.m in Sources */,
				83DB3E251A675FE6006711B5 /* MyTitleBarViewController.m in Sources */,
				83DB3E3A1A676819006711B5 /* PRTweenTimingFunctions.m in Sources */,
				83DB3E151A6752CD006711B5 /* UIColor+Extension.m in Sources */,
				83DB3E301A676765006711B5 /* KACircleProgressView.m in Sources */,
				83DB3E101A6751C1006711B5 /* HMSegmentedControl.m in Sources */,
				388BF77F13397877006EC779 /* ChameleonAppDelegate.m in Sources */,
				388BF782133978CB006EC779 /* TestViewController.m in Sources */,
				83DB3E0C1A674D83006711B5 /* CustomCellBackgroundView.m in Sources */,
				83DB3E391A676819006711B5 /* PRTween.m in Sources */,
			);
			runOnlyForDeploymentPostprocessing = 0;
		};
/* End PBXSourcesBuildPhase section */

/* Begin PBXTargetDependency section */
		F455611B133A5CE00021B1A6 /* PBXTargetDependency */ = {
			isa = PBXTargetDependency;
			name = UIKit;
			targetProxy = F455611A133A5CE00021B1A6 /* PBXContainerItemProxy */;
		};
/* End PBXTargetDependency section */

/* Begin PBXVariantGroup section */
		38E523CE1339731100E041B3 /* InfoPlist.strings */ = {
			isa = PBXVariantGroup;
			children = (
				38E523CF1339731100E041B3 /* en */,
			);
			name = InfoPlist.strings;
			sourceTree = "<group>";
		};
		38E523D41339731100E041B3 /* Credits.rtf */ = {
			isa = PBXVariantGroup;
			children = (
				38E523D51339731100E041B3 /* en */,
			);
			name = Credits.rtf;
			sourceTree = "<group>";
		};
		38E523DA1339731100E041B3 /* MainMenu.xib */ = {
			isa = PBXVariantGroup;
			children = (
				38E523DB1339731100E041B3 /* en */,
			);
			name = MainMenu.xib;
			sourceTree = "<group>";
		};
/* End PBXVariantGroup section */

/* Begin XCBuildConfiguration section */
		38E523DD1339731100E041B3 /* Debug */ = {
			isa = XCBuildConfiguration;
			buildSettings = {
				CLANG_WARN_BOOL_CONVERSION = YES;
				CLANG_WARN_CONSTANT_CONVERSION = YES;
				CLANG_WARN_EMPTY_BODY = YES;
				CLANG_WARN_ENUM_CONVERSION = YES;
				CLANG_WARN_INT_CONVERSION = YES;
				CLANG_WARN__DUPLICATE_METHOD_MATCH = YES;
				GCC_C_LANGUAGE_STANDARD = gnu99;
				GCC_OPTIMIZATION_LEVEL = 0;
				GCC_PREPROCESSOR_DEFINITIONS = DEBUG;
				GCC_SYMBOLS_PRIVATE_EXTERN = NO;
				GCC_VERSION = com.apple.compilers.llvm.clang.1_0;
				GCC_WARN_64_TO_32_BIT_CONVERSION = YES;
				GCC_WARN_ABOUT_RETURN_TYPE = YES;
				GCC_WARN_UNDECLARED_SELECTOR = YES;
				GCC_WARN_UNINITIALIZED_AUTOS = YES;
				GCC_WARN_UNUSED_FUNCTION = YES;
				GCC_WARN_UNUSED_VARIABLE = YES;
				MACOSX_DEPLOYMENT_TARGET = 10.6;
				ONLY_ACTIVE_ARCH = YES;
				SDKROOT = macosx;
			};
			name = Debug;
		};
		38E523DE1339731100E041B3 /* Release */ = {
			isa = XCBuildConfiguration;
			buildSettings = {
				CLANG_WARN_BOOL_CONVERSION = YES;
				CLANG_WARN_CONSTANT_CONVERSION = YES;
				CLANG_WARN_EMPTY_BODY = YES;
				CLANG_WARN_ENUM_CONVERSION = YES;
				CLANG_WARN_INT_CONVERSION = YES;
				CLANG_WARN__DUPLICATE_METHOD_MATCH = YES;
				GCC_C_LANGUAGE_STANDARD = gnu99;
				GCC_VERSION = com.apple.compilers.llvm.clang.1_0;
				GCC_WARN_64_TO_32_BIT_CONVERSION = YES;
				GCC_WARN_ABOUT_RETURN_TYPE = YES;
				GCC_WARN_UNDECLARED_SELECTOR = YES;
				GCC_WARN_UNINITIALIZED_AUTOS = YES;
				GCC_WARN_UNUSED_FUNCTION = YES;
				GCC_WARN_UNUSED_VARIABLE = YES;
				MACOSX_DEPLOYMENT_TARGET = 10.6;
				SDKROOT = macosx;
			};
			name = Release;
		};
		38E523E01339731100E041B3 /* Debug */ = {
			isa = XCBuildConfiguration;
			buildSettings = {
				ALWAYS_SEARCH_USER_PATHS = NO;
				COPY_PHASE_STRIP = NO;
				FRAMEWORK_SEARCH_PATHS = (
					"$(inherited)",
					"\"$(SRCROOT)/../../build/$(CONFIGURATION)\"",
				);
				GCC_DYNAMIC_NO_PIC = NO;
				GCC_ENABLE_OBJC_EXCEPTIONS = YES;
				GCC_PRECOMPILE_PREFIX_HEADER = YES;
				GCC_PREFIX_HEADER = "NavBarUpdates/NavBarUpdates-Prefix.pch";
				INFOPLIST_FILE = "NavBarUpdates/NavBarUpdates-Info.plist";
				PRODUCT_NAME = "$(TARGET_NAME)";
				WRAPPER_EXTENSION = app;
			};
			name = Debug;
		};
		38E523E11339731100E041B3 /* Release */ = {
			isa = XCBuildConfiguration;
			buildSettings = {
				ALWAYS_SEARCH_USER_PATHS = NO;
				COPY_PHASE_STRIP = YES;
				DEBUG_INFORMATION_FORMAT = "dwarf-with-dsym";
				FRAMEWORK_SEARCH_PATHS = (
					"$(inherited)",
					"\"$(SRCROOT)/../../build/$(CONFIGURATION)\"",
				);
				GCC_ENABLE_OBJC_EXCEPTIONS = YES;
				GCC_PRECOMPILE_PREFIX_HEADER = YES;
				GCC_PREFIX_HEADER = "NavBarUpdates/NavBarUpdates-Prefix.pch";
				INFOPLIST_FILE = "NavBarUpdates/NavBarUpdates-Info.plist";
				PRODUCT_NAME = "$(TARGET_NAME)";
				WRAPPER_EXTENSION = app;
			};
			name = Release;
		};
/* End XCBuildConfiguration section */

/* Begin XCConfigurationList section */
		38E523BB1339731100E041B3 /* Build configuration list for PBXProject "NavBarUpdates" */ = {
			isa = XCConfigurationList;
			buildConfigurations = (
				38E523DD1339731100E041B3 /* Debug */,
				38E523DE1339731100E041B3 /* Release */,
			);
			defaultConfigurationIsVisible = 0;
			defaultConfigurationName = Release;
		};
		38E523DF1339731100E041B3 /* Build configuration list for PBXNativeTarget "NavBarUpdates" */ = {
			isa = XCConfigurationList;
			buildConfigurations = (
				38E523E01339731100E041B3 /* Debug */,
				38E523E11339731100E041B3 /* Release */,
			);
			defaultConfigurationIsVisible = 0;
			defaultConfigurationName = Release;
		};
/* End XCConfigurationList section */
	};
	rootObject = 38E523B81339731100E041B3 /* Project object */;
}
